<?xml version="1.0" encoding="utf-8"?>
<Project ToolsVersion="4.0" xmlns="http://schemas.microsoft.com/developer/msbuild/2003">
  <ItemGroup>
    <Filter Include="Main">
      <UniqueIdentifier>{fa39dd90-9864-4b96-802b-48da41b4c7b1}</UniqueIdentifier>
    </Filter>
    <Filter Include="Audio">
      <UniqueIdentifier>{2de2f958-dc59-4603-bc41-c51618b9cccd}</UniqueIdentifier>
    </Filter>
    <Filter Include="Utility">
      <UniqueIdentifier>{60c1d41a-a209-4e2a-9035-b07b78baef64}</UniqueIdentifier>
    </Filter>
    <Filter Include="Graphics">
      <UniqueIdentifier>{e51b3fdd-0ded-4e63-8c52-e039c34744c9}</UniqueIdentifier>
    </Filter>
    <Filter Include="AssetManager">
      <UniqueIdentifier>{40225051-af13-41a0-8d57-88d8190f5a17}</UniqueIdentifier>
    </Filter>
    <Filter Include="Graphics\Engine">
      <UniqueIdentifier>{3e011b78-ef17-4c87-aa9d-23abf5dcf085}</UniqueIdentifier>
    </Filter>
    <Filter Include="GameMaster">
      <UniqueIdentifier>{48167594-e71d-4e69-91db-4fc8611e1c79}</UniqueIdentifier>
    </Filter>
    <Filter Include="Graphics\Drawables Library">
      <UniqueIdentifier>{58325a04-d936-468b-b031-f39b229c9819}</UniqueIdentifier>
    </Filter>
    <Filter Include="Graphics\Drawables Library\Sprite">
      <UniqueIdentifier>{e8345815-e7fb-4a44-aa60-c9a18f8ce7d8}</UniqueIdentifier>
    </Filter>
    <Filter Include="Graphics\Drawables Library\AnimatedSprite">
      <UniqueIdentifier>{b0720df3-66c9-4b77-95b0-b4133d381f4d}</UniqueIdentifier>
    </Filter>
    <Filter Include="InputHandler">
      <UniqueIdentifier>{bdaaf006-9eaf-4d2c-b779-585c0658a7ff}</UniqueIdentifier>
    </Filter>
    <Filter Include="Graphics\Drawables Library\Basic Text">
      <UniqueIdentifier>{702f9888-1fdf-4a4c-a35a-49c368dde1ee}</UniqueIdentifier>
    </Filter>
    <Filter Include="Graphics\Drawables Library\Drawable">
      <UniqueIdentifier>{986b3355-31fa-4057-aecf-a153a0808164}</UniqueIdentifier>
    </Filter>
    <Filter Include="Entity Library">
      <UniqueIdentifier>{cc27e77d-8755-48ef-8970-f739c9e97c39}</UniqueIdentifier>
    </Filter>
    <Filter Include="Entity Library\Entity">
      <UniqueIdentifier>{dd1d5645-69ad-4439-a3ab-d357c6bbec8c}</UniqueIdentifier>
    </Filter>
    <Filter Include="Entity Library\Actor">
      <UniqueIdentifier>{20b9d966-1fef-47b6-b030-f807d6b142cd}</UniqueIdentifier>
    </Filter>
    <Filter Include="Entity Library\Player">
      <UniqueIdentifier>{6e5b0c18-531f-4681-81b8-190f4b7179a4}</UniqueIdentifier>
    </Filter>
    <Filter Include="ComplexFeatures">
      <UniqueIdentifier>{12e75455-ba1d-4bb4-a34e-c3516235babb}</UniqueIdentifier>
    </Filter>
    <Filter Include="Globals">
      <UniqueIdentifier>{9d2510a5-4394-4b94-b719-c9db1013d99a}</UniqueIdentifier>
    </Filter>
    <Filter Include="ComplexFeatures\Animation">
      <UniqueIdentifier>{b0b15716-cd90-4146-ad36-bf0b880a0b1a}</UniqueIdentifier>
    </Filter>
    <Filter Include="Graphics\Drawables Library\RenderComponent">
      <UniqueIdentifier>{57047928-d5dc-4568-934b-cf48537ee021}</UniqueIdentifier>
    </Filter>
    <Filter Include="Utility\Precompiled Header">
      <UniqueIdentifier>{4cfe65da-99e2-4c69-af60-e27dde26346e}</UniqueIdentifier>
    </Filter>
    <Filter Include="Utility\MiscUtility">
      <UniqueIdentifier>{7923a0cb-c04e-4b81-97bd-c5255da6324a}</UniqueIdentifier>
    </Filter>
    <Filter Include="Utility\ErrorLogging">
      <UniqueIdentifier>{bc300dde-c226-4dc0-bf3f-1ca432c58822}</UniqueIdentifier>
    </Filter>
    <Filter Include="Collision">
      <UniqueIdentifier>{f2e9b77f-cccc-4d85-8980-b5d298a3cd08}</UniqueIdentifier>
    </Filter>
    <Filter Include="Collision\Collider">
      <UniqueIdentifier>{91592349-a193-497c-a076-dbb9365905a5}</UniqueIdentifier>
    </Filter>
    <Filter Include="Collision\Sphere">
      <UniqueIdentifier>{9cdd4d79-8345-42f0-a1a9-34148b229a4a}</UniqueIdentifier>
    </Filter>
    <Filter Include="Collision\Box">
      <UniqueIdentifier>{0c65414d-2566-49bc-a277-5b281b8974d4}</UniqueIdentifier>
    </Filter>
    <Filter Include="Collision\CollisionMaster">
      <UniqueIdentifier>{f2f2884b-0740-4f81-a749-8a4b1ed0fb4c}</UniqueIdentifier>
    </Filter>
    <Filter Include="ComplexFeatures\AI Library">
      <UniqueIdentifier>{f1b2e994-43c3-4108-8a51-698d63ad66ec}</UniqueIdentifier>
    </Filter>
    <Filter Include="ComplexFeatures\AI Library\AI">
      <UniqueIdentifier>{42202d92-c22d-46fe-9cc7-ccd1972f0c0d}</UniqueIdentifier>
    </Filter>
    <Filter Include="ComplexFeatures\PathFinder">
      <UniqueIdentifier>{d9a4e2d5-cccf-4e63-9a72-ae4a76bdd3e6}</UniqueIdentifier>
    </Filter>
    <Filter Include="ComplexFeatures\AI Library\Fighter">
      <UniqueIdentifier>{9168688d-36f4-46a0-999f-49961ca1ae5f}</UniqueIdentifier>
    </Filter>
    <Filter Include="ComplexFeatures\AI Library\PlayerPseudoAI">
      <UniqueIdentifier>{2d4058fa-5ab6-4322-b06f-c0613c34ec63}</UniqueIdentifier>
    </Filter>
    <Filter Include="Entity Library\FighterBullet">
      <UniqueIdentifier>{60f5ec84-7807-4c2d-a469-04da556031b1}</UniqueIdentifier>
    </Filter>
    <Filter Include="Entity Library\LevelDIrector">
      <UniqueIdentifier>{6d37e266-f281-4f4d-84a9-b84e7a3ecf35}</UniqueIdentifier>
    </Filter>
    <Filter Include="Entity Library\MenuDirector">
      <UniqueIdentifier>{4a72feb6-bc38-4759-8d4e-c6c03af33f34}</UniqueIdentifier>
    </Filter>
    <Filter Include="ComplexFeatures\AI Library\KnightAI">
      <UniqueIdentifier>{96ee90c6-9eb9-4db1-baac-574179872e4b}</UniqueIdentifier>
    </Filter>
    <Filter Include="ComplexFeatures\AI Library\ChaserAI">
      <UniqueIdentifier>{9f04b6ec-fa03-4d13-a201-0e453659c589}</UniqueIdentifier>
    </Filter>
    <Filter Include="ComplexFeatures\AI Library\Turrets">
      <UniqueIdentifier>{34db5f0a-af38-4502-b158-d36891d1bdc2}</UniqueIdentifier>
    </Filter>
    <Filter Include="ComplexFeatures\AI Library\Turrets\GunTurret">
      <UniqueIdentifier>{13033ccb-5710-4018-89a5-d640e145fbfc}</UniqueIdentifier>
    </Filter>
    <Filter Include="Entity Library\RifleAmmoPack">
      <UniqueIdentifier>{71d22a23-5674-46d0-b097-56f6207a0068}</UniqueIdentifier>
    </Filter>
    <Filter Include="ComplexFeatures\AI Library\Shadow">
      <UniqueIdentifier>{35533f56-ede9-4b31-a6f4-c0648e5e41e4}</UniqueIdentifier>
    </Filter>
    <Filter Include="Utility\ConfigHandler">
      <UniqueIdentifier>{fdf13593-df53-4d53-ba4a-b276e06991d0}</UniqueIdentifier>
    </Filter>
    <Filter Include="Graphics\Effects Library">
      <UniqueIdentifier>{34e8733e-a77e-434b-81c2-928c9d8315f5}</UniqueIdentifier>
    </Filter>
    <Filter Include="Graphics\Effects Library\Effect">
      <UniqueIdentifier>{9c341d07-b90c-4bff-a666-5f589f48784b}</UniqueIdentifier>
    </Filter>
    <Filter Include="Graphics\Effects Library\Tracer">
      <UniqueIdentifier>{f7516002-b495-49c2-a36a-adbf0beff8be}</UniqueIdentifier>
    </Filter>
  </ItemGroup>
  <ItemGroup>
    <ClCompile Include="Main.cpp">
      <Filter>Main</Filter>
    </ClCompile>
    <ClCompile Include="AudioEngine.cpp">
      <Filter>Audio</Filter>
    </ClCompile>
    <ClCompile Include="AssetManager.cpp">
      <Filter>AssetManager</Filter>
    </ClCompile>
    <ClCompile Include="GraphicsEngine.cpp">
      <Filter>Graphics\Engine</Filter>
    </ClCompile>
    <ClCompile Include="Drawable.cpp">
      <Filter>Graphics\Drawables Library\Drawable</Filter>
    </ClCompile>
    <ClCompile Include="Sprite.cpp">
      <Filter>Graphics\Drawables Library\Sprite</Filter>
    </ClCompile>
    <ClCompile Include="GameMaster.cpp">
      <Filter>GameMaster</Filter>
    </ClCompile>
    <ClCompile Include="AnimatedSprite.cpp">
      <Filter>Graphics\Drawables Library\AnimatedSprite</Filter>
    </ClCompile>
    <ClCompile Include="InputHandler.cpp">
      <Filter>InputHandler</Filter>
    </ClCompile>
    <ClCompile Include="BasicText.cpp">
      <Filter>Graphics\Drawables Library\Basic Text</Filter>
    </ClCompile>
    <ClCompile Include="Entity.cpp">
      <Filter>Entity Library\Entity</Filter>
    </ClCompile>
    <ClCompile Include="Actor.cpp">
      <Filter>Entity Library\Actor</Filter>
    </ClCompile>
    <ClCompile Include="Player.cpp">
      <Filter>Entity Library\Player</Filter>
    </ClCompile>
    <ClCompile Include="Globals.cpp">
      <Filter>Globals</Filter>
    </ClCompile>
    <ClCompile Include="Animation.cpp">
      <Filter>ComplexFeatures\Animation</Filter>
    </ClCompile>
    <ClCompile Include="RenderComponent.cpp">
      <Filter>Graphics\Drawables Library\RenderComponent</Filter>
    </ClCompile>
    <ClCompile Include="PCHeader.cpp">
      <Filter>Utility\Precompiled Header</Filter>
    </ClCompile>
    <ClCompile Include="MiscUtility.cpp">
      <Filter>Utility\MiscUtility</Filter>
    </ClCompile>
    <ClCompile Include="ErrorLogging.cpp">
      <Filter>Utility\ErrorLogging</Filter>
    </ClCompile>
    <ClCompile Include="Collider.cpp">
      <Filter>Collision\Collider</Filter>
    </ClCompile>
    <ClCompile Include="CollisionMaster.cpp">
      <Filter>Collision\CollisionMaster</Filter>
    </ClCompile>
    <ClCompile Include="SphereCollider.cpp">
      <Filter>Collision\Sphere</Filter>
    </ClCompile>
    <ClCompile Include="BoxCollider.cpp">
      <Filter>Collision\Box</Filter>
    </ClCompile>
    <ClCompile Include="AI.cpp">
      <Filter>ComplexFeatures\AI Library\AI</Filter>
    </ClCompile>
    <ClCompile Include="PathFinder.cpp">
      <Filter>ComplexFeatures\PathFinder</Filter>
    </ClCompile>
    <ClCompile Include="PlayerPseudoAI.cpp">
      <Filter>ComplexFeatures\AI Library\PlayerPseudoAI</Filter>
    </ClCompile>
    <ClCompile Include="FighterAI.cpp">
      <Filter>ComplexFeatures\AI Library\Fighter</Filter>
    </ClCompile>
    <ClCompile Include="FighterBullet.cpp">
      <Filter>Entity Library\FighterBullet</Filter>
    </ClCompile>
    <ClCompile Include="LevelDirector.cpp">
      <Filter>Entity Library\LevelDIrector</Filter>
    </ClCompile>
    <ClCompile Include="MenuDirector.cpp">
      <Filter>Entity Library\MenuDirector</Filter>
    </ClCompile>
    <ClCompile Include="KnightAI.cpp">
      <Filter>ComplexFeatures\AI Library\KnightAI</Filter>
    </ClCompile>
    <ClCompile Include="ChaserAI.cpp">
      <Filter>ComplexFeatures\AI Library\ChaserAI</Filter>
    </ClCompile>
    <ClCompile Include="GunTurretAI.cpp">
      <Filter>ComplexFeatures\AI Library\Turrets\GunTurret</Filter>
    </ClCompile>
    <ClCompile Include="RifleAmmoPack.cpp">
      <Filter>Entity Library\RifleAmmoPack</Filter>
    </ClCompile>
    <ClCompile Include="ShadowAI.cpp">
      <Filter>ComplexFeatures\AI Library\Shadow</Filter>
    </ClCompile>
    <ClCompile Include="ConfigHandler.cpp">
      <Filter>Utility\ConfigHandler</Filter>
    </ClCompile>
    <ClCompile Include="Effect.cpp">
      <Filter>Graphics\Effects Library\Effect</Filter>
    </ClCompile>
    <ClCompile Include="Tracer.cpp">
      <Filter>Graphics\Effects Library\Tracer</Filter>
    </ClCompile>
  </ItemGroup>
  <ItemGroup>
    <ClInclude Include="AudioEngine.h">
      <Filter>Audio</Filter>
    </ClInclude>
    <ClInclude Include="AssetManager.h">
      <Filter>AssetManager</Filter>
    </ClInclude>
    <ClInclude Include="GraphicsEngine.h">
      <Filter>Graphics\Engine</Filter>
    </ClInclude>
    <ClInclude Include="Drawable.h">
      <Filter>Graphics\Drawables Library\Drawable</Filter>
    </ClInclude>
    <ClInclude Include="Sprite.h">
      <Filter>Graphics\Drawables Library\Sprite</Filter>
    </ClInclude>
    <ClInclude Include="GameMaster.h">
      <Filter>GameMaster</Filter>
    </ClInclude>
    <ClInclude Include="AnimatedSprite.h">
      <Filter>Graphics\Drawables Library\AnimatedSprite</Filter>
    </ClInclude>
    <ClInclude Include="InputHandler.h">
      <Filter>InputHandler</Filter>
    </ClInclude>
    <ClInclude Include="BasicText.h">
      <Filter>Graphics\Drawables Library\Basic Text</Filter>
    </ClInclude>
    <ClInclude Include="Entity.h">
      <Filter>Entity Library\Entity</Filter>
    </ClInclude>
    <ClInclude Include="Actor.h">
      <Filter>Entity Library\Actor</Filter>
    </ClInclude>
    <ClInclude Include="Player.h">
      <Filter>Entity Library\Player</Filter>
    </ClInclude>
    <ClInclude Include="Globals.h">
      <Filter>Globals</Filter>
    </ClInclude>
    <ClInclude Include="Animation.h">
      <Filter>ComplexFeatures\Animation</Filter>
    </ClInclude>
    <ClInclude Include="RenderComponent.h">
      <Filter>Graphics\Drawables Library\RenderComponent</Filter>
    </ClInclude>
    <ClInclude Include="PCHeader.h">
      <Filter>Utility\Precompiled Header</Filter>
    </ClInclude>
    <ClInclude Include="MiscUtility.h">
      <Filter>Utility\MiscUtility</Filter>
    </ClInclude>
    <ClInclude Include="ErrorLogging.h">
      <Filter>Utility\ErrorLogging</Filter>
    </ClInclude>
    <ClInclude Include="Collider.h">
      <Filter>Collision\Collider</Filter>
    </ClInclude>
    <ClInclude Include="CollisionMaster.h">
      <Filter>Collision\CollisionMaster</Filter>
    </ClInclude>
    <ClInclude Include="SphereCollider.h">
      <Filter>Collision\Sphere</Filter>
    </ClInclude>
    <ClInclude Include="BoxCollider.h">
      <Filter>Collision\Box</Filter>
    </ClInclude>
    <ClInclude Include="AI.h">
      <Filter>ComplexFeatures\AI Library\AI</Filter>
    </ClInclude>
    <ClInclude Include="PathFinder.h">
      <Filter>ComplexFeatures\PathFinder</Filter>
    </ClInclude>
    <ClInclude Include="PlayerPseudoAI.h">
      <Filter>ComplexFeatures\AI Library\PlayerPseudoAI</Filter>
    </ClInclude>
    <ClInclude Include="FighterAI.h">
      <Filter>ComplexFeatures\AI Library\Fighter</Filter>
    </ClInclude>
    <ClInclude Include="FighterBullet.h">
      <Filter>Entity Library\FighterBullet</Filter>
    </ClInclude>
    <ClInclude Include="LevelDirector.h">
      <Filter>Entity Library\LevelDIrector</Filter>
    </ClInclude>
    <ClInclude Include="MenuDirector.h">
      <Filter>Entity Library\MenuDirector</Filter>
    </ClInclude>
    <ClInclude Include="KnightAI.h">
      <Filter>ComplexFeatures\AI Library\KnightAI</Filter>
    </ClInclude>
    <ClInclude Include="ChaserAI.h">
      <Filter>ComplexFeatures\AI Library\ChaserAI</Filter>
    </ClInclude>
    <ClInclude Include="GunTurretAI.h">
      <Filter>ComplexFeatures\AI Library\Turrets\GunTurret</Filter>
    </ClInclude>
    <ClInclude Include="RifleAmmoPack.h">
      <Filter>Entity Library\RifleAmmoPack</Filter>
    </ClInclude>
    <ClInclude Include="ShadowAI.h">
      <Filter>ComplexFeatures\AI Library\Shadow</Filter>
    </ClInclude>
    <ClInclude Include="ConfigHandler.h">
      <Filter>Utility\ConfigHandler</Filter>
    </ClInclude>
    <ClInclude Include="resource.h" />
    <ClInclude Include="Effect.h">
      <Filter>Graphics\Effects Library\Effect</Filter>
    </ClInclude>
    <ClInclude Include="Tracer.h">
      <Filter>Graphics\Effects Library\Tracer</Filter>
    </ClInclude>
  </ItemGroup>
  <ItemGroup>
    <ResourceCompile Include="Windows.rc" />
  </ItemGroup>
  <ItemGroup>
    <Image Include="icon1.ico" />
  </ItemGroup>
</Project>